hash: 234c90a95191b1ab5d21f1600729699f6cde3f8a22778eab7ddb9a594073b2da
updated: 2018-10-13T16:24:41.6355611+08:00
imports:
- name: github.com/labstack/echo
  version: 1049c9613cd371b7ea8f219404c9a821734781ed
- name: github.com/shadowsocks/shadowsocks-go
  version: 97a5c71f80ba5f5b3e549f14a619fe557ff4f3c9
testImports: []
